
Microsoft Visual Studio Solution File, Format Version 12.00
# Visual Studio Version 17
VisualStudioVersion = 17.8.34511.84
MinimumVisualStudioVersion = 10.0.40219.1
Project("{FAE04EC0-301F-11D3-BF4B-00C04F79EFBC}") = "Marble.Game", "Marble.Game\Marble.Game.csproj", "{744A39B0-29B8-4A60-87B4-90CB56D4CEDC}"
EndProject
Global
	GlobalSection(SolutionConfigurationPlatforms) = preSolution
		Debug|Any CPU = Debug|Any CPU
		Release|Any CPU = Release|Any CPU
	EndGlobalSection
	GlobalSection(ProjectConfigurationPlatforms) = postSolution
		{744A39B0-29B8-4A60-87B4-90CB56D4CEDC}.Debug|Any CPU.ActiveCfg = Debug|Any CPU
		{744A39B0-29B8-4A60-87B4-90CB56D4CEDC}.Debug|Any CPU.Build.0 = Debug|Any CPU
		{744A39B0-29B8-4A60-87B4-90CB56D4CEDC}.Release|Any CPU.ActiveCfg = Release|Any CPU
		{744A39B0-29B8-4A60-87B4-90CB56D4CEDC}.Release|Any CPU.Build.0 = Release|Any CPU
	EndGlobalSection
	GlobalSection(SolutionProperties) = preSolution
		HideSolutionNode = FALSE
	EndGlobalSection
	GlobalSection(ExtensibilityGlobals) = postSolution
		SolutionGuid = {DFFE4B5B-34C3-4DEC-BA93-B58D7758325C}
	EndGlobalSection
EndGlobal
